
Microsoft Visual Studio Solution File, Format Version 12.00
# Visual Studio Version 17
VisualStudioVersion = 17.11.35327.3
MinimumVisualStudioVersion = 10.0.40219.1
Project("{FAE04EC0-301F-11D3-BF4B-00C04F79EFBC}") = "polechuulechu", "polechuulechu.csproj", "{52825F68-B83E-4D5D-B8C3-EFDD5E0ADCCC}"
EndProject
Global
	GlobalSection(SolutionConfigurationPlatforms) = preSolution
		Debug|Any CPU = Debug|Any CPU
		Release|Any CPU = Release|Any CPU
	EndGlobalSection
	GlobalSection(ProjectConfigurationPlatforms) = postSolution
		{52825F68-B83E-4D5D-B8C3-EFDD5E0ADCCC}.Debug|Any CPU.ActiveCfg = Debug|Any CPU
		{52825F68-B83E-4D5D-B8C3-EFDD5E0ADCCC}.Debug|Any CPU.Build.0 = Debug|Any CPU
		{52825F68-B83E-4D5D-B8C3-EFDD5E0ADCCC}.Release|Any CPU.ActiveCfg = Release|Any CPU
		{52825F68-B83E-4D5D-B8C3-EFDD5E0ADCCC}.Release|Any CPU.Build.0 = Release|Any CPU
	EndGlobalSection
	GlobalSection(SolutionProperties) = preSolution
		HideSolutionNode = FALSE
	EndGlobalSection
	GlobalSection(ExtensibilityGlobals) = postSolution
		SolutionGuid = {686F2BB7-9A10-4507-9D9D-46AAC26A8BA8}
	EndGlobalSection
EndGlobal
